
Microsoft Visual Studio Solution File, Format Version 12.00
# Visual Studio 2013
VisualStudioVersion = 12.0.21005.1
MinimumVisualStudioVersion = 10.0.40219.1
Project("{8BC9CEB8-8B4A-11D0-8D11-00A0C91BC942}") = "uint64_t_Test", "uint64_t_Test.vcxproj", "{B5EB5A88-C882-4C39-B227-395EAACE03A6}"
EndProject
Project("{8BC9CEB8-8B4A-11D0-8D11-00A0C91BC942}") = "readger", "..\readger\readger.vcxproj", "{7B2F8F19-F98E-4CD1-830C-535EAC825E32}"
EndProject
Global
	GlobalSection(SolutionConfigurationPlatforms) = preSolution
		Debug|Win32 = Debug|Win32
		Release|Win32 = Release|Win32
	EndGlobalSection
	GlobalSection(ProjectConfigurationPlatforms) = postSolution
		{B5EB5A88-C882-4C39-B227-395EAACE03A6}.Debug|Win32.ActiveCfg = Debug|Win32
		{B5EB5A88-C882-4C39-B227-395EAACE03A6}.Debug|Win32.Build.0 = Debug|Win32
		{B5EB5A88-C882-4C39-B227-395EAACE03A6}.Release|Win32.ActiveCfg = Release|Win32
		{B5EB5A88-C882-4C39-B227-395EAACE03A6}.Release|Win32.Build.0 = Release|Win32
		{7B2F8F19-F98E-4CD1-830C-535EAC825E32}.Debug|Win32.ActiveCfg = Debug|Win32
		{7B2F8F19-F98E-4CD1-830C-535EAC825E32}.Debug|Win32.Build.0 = Debug|Win32
		{7B2F8F19-F98E-4CD1-830C-535EAC825E32}.Release|Win32.ActiveCfg = Release|Win32
		{7B2F8F19-F98E-4CD1-830C-535EAC825E32}.Release|Win32.Build.0 = Release|Win32
	EndGlobalSection
	GlobalSection(SolutionProperties) = preSolution
		HideSolutionNode = FALSE
	EndGlobalSection
EndGlobal
