
Microsoft Visual Studio Solution File, Format Version 12.00
# Visual Studio 2013
VisualStudioVersion = 12.0.21005.1
MinimumVisualStudioVersion = 10.0.40219.1
Project("{8BC9CEB8-8B4A-11D0-8D11-00A0C91BC942}") = "SunStang_I2C_MATLAB_Example", "SunStang_I2C_MATLAB_Example.vcxproj", "{2CEB8C50-AD26-4E4A-8AB7-7336A17923B1}"
EndProject
Project("{8BC9CEB8-8B4A-11D0-8D11-00A0C91BC942}") = "SunStang_I2C_Comm_Bus_Tut", "..\SunStang_I2C_Comm_Bus_Tut\SunStang_I2C_Comm_Bus_Tut.vcxproj", "{872BD999-A72C-41E0-9026-C7EADD21EDE7}"
EndProject
Project("{8BC9CEB8-8B4A-11D0-8D11-00A0C91BC942}") = "SunStang_Master", "..\SunStang_Master\SunStang_Master.vcxproj", "{3C90316D-B70D-4083-A651-B1315C4F33A9}"
EndProject
Project("{8BC9CEB8-8B4A-11D0-8D11-00A0C91BC942}") = "SunStang_S1", "..\SunStang_S1\SunStang_S1.vcxproj", "{B4FAF035-CE2E-4293-AC31-0BCBE881A0F1}"
EndProject
Global
	GlobalSection(SolutionConfigurationPlatforms) = preSolution
		Debug|Win32 = Debug|Win32
		Release|Win32 = Release|Win32
	EndGlobalSection
	GlobalSection(ProjectConfigurationPlatforms) = postSolution
		{2CEB8C50-AD26-4E4A-8AB7-7336A17923B1}.Debug|Win32.ActiveCfg = Debug|Win32
		{2CEB8C50-AD26-4E4A-8AB7-7336A17923B1}.Debug|Win32.Build.0 = Debug|Win32
		{2CEB8C50-AD26-4E4A-8AB7-7336A17923B1}.Release|Win32.ActiveCfg = Release|Win32
		{2CEB8C50-AD26-4E4A-8AB7-7336A17923B1}.Release|Win32.Build.0 = Release|Win32
		{872BD999-A72C-41E0-9026-C7EADD21EDE7}.Debug|Win32.ActiveCfg = Debug|Win32
		{872BD999-A72C-41E0-9026-C7EADD21EDE7}.Debug|Win32.Build.0 = Debug|Win32
		{872BD999-A72C-41E0-9026-C7EADD21EDE7}.Release|Win32.ActiveCfg = Release|Win32
		{872BD999-A72C-41E0-9026-C7EADD21EDE7}.Release|Win32.Build.0 = Release|Win32
		{3C90316D-B70D-4083-A651-B1315C4F33A9}.Debug|Win32.ActiveCfg = Debug|Win32
		{3C90316D-B70D-4083-A651-B1315C4F33A9}.Debug|Win32.Build.0 = Debug|Win32
		{3C90316D-B70D-4083-A651-B1315C4F33A9}.Release|Win32.ActiveCfg = Release|Win32
		{3C90316D-B70D-4083-A651-B1315C4F33A9}.Release|Win32.Build.0 = Release|Win32
		{B4FAF035-CE2E-4293-AC31-0BCBE881A0F1}.Debug|Win32.ActiveCfg = Debug|Win32
		{B4FAF035-CE2E-4293-AC31-0BCBE881A0F1}.Debug|Win32.Build.0 = Debug|Win32
		{B4FAF035-CE2E-4293-AC31-0BCBE881A0F1}.Release|Win32.ActiveCfg = Release|Win32
		{B4FAF035-CE2E-4293-AC31-0BCBE881A0F1}.Release|Win32.Build.0 = Release|Win32
	EndGlobalSection
	GlobalSection(SolutionProperties) = preSolution
		HideSolutionNode = FALSE
	EndGlobalSection
EndGlobal
