
Microsoft Visual Studio Solution File, Format Version 12.00
# Visual Studio 2013
VisualStudioVersion = 12.0.21005.1
MinimumVisualStudioVersion = 10.0.40219.1
Project("{8BC9CEB8-8B4A-11D0-8D11-00A0C91BC942}") = "cleanedbpsrevision4", "cleanedbpsrevision4.vcxproj", "{8D9F5293-EF83-4175-ACBC-851F85B3FE20}"
EndProject
Project("{8BC9CEB8-8B4A-11D0-8D11-00A0C91BC942}") = "readger", "..\readger\readger.vcxproj", "{7B2F8F19-F98E-4CD1-830C-535EAC825E32}"
EndProject
Project("{8BC9CEB8-8B4A-11D0-8D11-00A0C91BC942}") = "TESTER_SunStang_BPS", "..\TESTER_SunStang_BPS\TESTER_SunStang_BPS.vcxproj", "{C39DB575-7808-488E-AFBE-53CF001ACEEE}"
EndProject
Project("{8BC9CEB8-8B4A-11D0-8D11-00A0C91BC942}") = "blingdsfs", "..\blingdsfs\blingdsfs.vcxproj", "{1D286141-F4D1-41F3-A16E-DF69D715BB83}"
EndProject
Global
	GlobalSection(SolutionConfigurationPlatforms) = preSolution
		Debug|Win32 = Debug|Win32
		Release|Win32 = Release|Win32
	EndGlobalSection
	GlobalSection(ProjectConfigurationPlatforms) = postSolution
		{8D9F5293-EF83-4175-ACBC-851F85B3FE20}.Debug|Win32.ActiveCfg = Debug|Win32
		{8D9F5293-EF83-4175-ACBC-851F85B3FE20}.Debug|Win32.Build.0 = Debug|Win32
		{8D9F5293-EF83-4175-ACBC-851F85B3FE20}.Release|Win32.ActiveCfg = Release|Win32
		{8D9F5293-EF83-4175-ACBC-851F85B3FE20}.Release|Win32.Build.0 = Release|Win32
		{7B2F8F19-F98E-4CD1-830C-535EAC825E32}.Debug|Win32.ActiveCfg = Debug|Win32
		{7B2F8F19-F98E-4CD1-830C-535EAC825E32}.Debug|Win32.Build.0 = Debug|Win32
		{7B2F8F19-F98E-4CD1-830C-535EAC825E32}.Release|Win32.ActiveCfg = Release|Win32
		{7B2F8F19-F98E-4CD1-830C-535EAC825E32}.Release|Win32.Build.0 = Release|Win32
		{C39DB575-7808-488E-AFBE-53CF001ACEEE}.Debug|Win32.ActiveCfg = Debug|Win32
		{C39DB575-7808-488E-AFBE-53CF001ACEEE}.Debug|Win32.Build.0 = Debug|Win32
		{C39DB575-7808-488E-AFBE-53CF001ACEEE}.Release|Win32.ActiveCfg = Release|Win32
		{C39DB575-7808-488E-AFBE-53CF001ACEEE}.Release|Win32.Build.0 = Release|Win32
		{1D286141-F4D1-41F3-A16E-DF69D715BB83}.Debug|Win32.ActiveCfg = Debug|Win32
		{1D286141-F4D1-41F3-A16E-DF69D715BB83}.Debug|Win32.Build.0 = Debug|Win32
		{1D286141-F4D1-41F3-A16E-DF69D715BB83}.Release|Win32.ActiveCfg = Release|Win32
		{1D286141-F4D1-41F3-A16E-DF69D715BB83}.Release|Win32.Build.0 = Release|Win32
	EndGlobalSection
	GlobalSection(SolutionProperties) = preSolution
		HideSolutionNode = FALSE
	EndGlobalSection
EndGlobal
